{
  "originHash" : "50661037ace32d27f5b63e569f8fa2ccff6d3226fa694da9fc389c49efd15ddd",
  "pins" : [
    {
      "identity" : "darwinprivateframeworks",
      "kind" : "remoteSourceControl",
      "location" : "https://github.com/OpenSwiftUIProject/DarwinPrivateFrameworks.git",
      "state" : {
        "branch" : "main",
        "revision" : "2af08467b97287e94093e41b8737916a8f383870"
      }
    },
    {
      "identity" : "swift-numerics",
      "kind" : "remoteSourceControl",
      "location" : "https://github.com/apple/swift-numerics",
      "state" : {
        "revision" : "0a5bc04095a675662cf24757cc0640aa2204253b",
        "version" : "1.0.2"
      }
    }
  ],
  "version" : 3
}
